version: 1
checksums:
  41324bf7ae5dc35d306f0b0cc7e13c07:
    live: 77a9c14fc9762e0e058e9b5ae04c8d15
    proceed: b8d1cccacabd4d66f74364570f2df025
    select_script_rationale: 0746d2775934c198ced4f837aec61cf2
    choose_text_script: 607d1b5bbc406d029db53168659a8e02
    languages: 2d2a54a7cbbf640ba2aff643a8a3c7c1
    latin: 5cc8eafc408ca9f14ad5f4b9beece32b
    devanagari: 6b430ad0fad2ae157618ab8a2ac7ba2e
    chinese: ebbe0f0da700961b5687182201cd7429
    japanese: 577fd83e8e392bc3b56df14d10463fff
    korean: 99d3a279a51280e063545941b380f6a8
    select_script_error: a911dbd9967dcd70a6fc843a6f6acb51
    translate_all: acbac0125ad36ef1c503beb25355272a
    photo: ca2fb1919818af32ddea8972024f5acb
    latin_languages/0: e1eeeb379f86a015d6e581fcbc4af7f3
    latin_languages/1: 881640609abd94ca50cbafb21f085042
    latin_languages/2: b6c77a4e718a978af58895b27731413c
    devanagari_languages/0: 83ef511fe3291eb3eeb7404470003c4b
    devanagari_languages/1: df755dc0dd9273599fc36f338d2a3978
    devanagari_languages/2: e737c3ab56113e310277eabaf8c54715
    chinese_languages/0: 8e4eaafb989481bc8fdc5453f72f584d
    chinese_languages/1: cf50d7bf9663647890c444c11a9d8a4d
    japanese_languages/0: 838252e89de7d8d222fc1664a84e0c45
    korean_languages/0: 7ae1acc68d1024e8a53e49ac019a48b3
